
Microsoft Visual Studio Solution File, Format Version 12.00
# Visual Studio Version 16
VisualStudioVersion = 16.0.35130.168
MinimumVisualStudioVersion = 10.0.40219.1
Project("{E24C65DC-7377-472B-9ABA-BC803B73C61A}") = "carserv_Surya_Motors", "G:\DATA BACKUP 03-08-2024\carserv_Surya_Motors\", "{63AC535C-CDEC-460B-B162-FC0AC781D299}"
	ProjectSection(WebsiteProperties) = preProject
		TargetFrameworkMoniker = ".NETFramework,Version%3Dv4.0"
		Debug.AspNetCompiler.VirtualPath = "/localhost_62086"
		Debug.AspNetCompiler.PhysicalPath = "G:\DATA BACKUP 03-08-2024\carserv_Surya_Motors\"
		Debug.AspNetCompiler.TargetPath = "PrecompiledWeb\localhost_62086\"
		Debug.AspNetCompiler.Updateable = "true"
		Debug.AspNetCompiler.ForceOverwrite = "true"
		Debug.AspNetCompiler.FixedNames = "false"
		Debug.AspNetCompiler.Debug = "True"
		Release.AspNetCompiler.VirtualPath = "/localhost_62086"
		Release.AspNetCompiler.PhysicalPath = "G:\DATA BACKUP 03-08-2024\carserv_Surya_Motors\"
		Release.AspNetCompiler.TargetPath = "PrecompiledWeb\localhost_62086\"
		Release.AspNetCompiler.Updateable = "true"
		Release.AspNetCompiler.ForceOverwrite = "true"
		Release.AspNetCompiler.FixedNames = "false"
		Release.AspNetCompiler.Debug = "False"
		VWDPort = "62086"
	EndProjectSection
EndProject
Global
	GlobalSection(SolutionConfigurationPlatforms) = preSolution
		Debug|Any CPU = Debug|Any CPU
	EndGlobalSection
	GlobalSection(ProjectConfigurationPlatforms) = postSolution
		{63AC535C-CDEC-460B-B162-FC0AC781D299}.Debug|Any CPU.ActiveCfg = Debug|Any CPU
		{63AC535C-CDEC-460B-B162-FC0AC781D299}.Debug|Any CPU.Build.0 = Debug|Any CPU
	EndGlobalSection
	GlobalSection(SolutionProperties) = preSolution
		HideSolutionNode = FALSE
	EndGlobalSection
	GlobalSection(ExtensibilityGlobals) = postSolution
		SolutionGuid = {8AE29B8A-61AF-40E9-9562-D360E1C1738B}
	EndGlobalSection
EndGlobal
